
Microsoft Visual Studio Solution File, Format Version 12.00
# Visual Studio Version 16
VisualStudioVersion = 16.0.30517.126
MinimumVisualStudioVersion = 10.0.40219.1
Project("{FAE04EC0-301F-11D3-BF4B-00C04F79EFBC}") = "WebAPI_JWT_Sample", "WebAPI_JWT_Sample\WebAPI_JWT_Sample.csproj", "{917B7CA7-DA6B-4DE4-A29E-475619BEFBAC}"
EndProject
Global
	GlobalSection(SolutionConfigurationPlatforms) = preSolution
		Debug|Any CPU = Debug|Any CPU
		Release|Any CPU = Release|Any CPU
	EndGlobalSection
	GlobalSection(ProjectConfigurationPlatforms) = postSolution
		{917B7CA7-DA6B-4DE4-A29E-475619BEFBAC}.Debug|Any CPU.ActiveCfg = Debug|Any CPU
		{917B7CA7-DA6B-4DE4-A29E-475619BEFBAC}.Debug|Any CPU.Build.0 = Debug|Any CPU
		{917B7CA7-DA6B-4DE4-A29E-475619BEFBAC}.Release|Any CPU.ActiveCfg = Release|Any CPU
		{917B7CA7-DA6B-4DE4-A29E-475619BEFBAC}.Release|Any CPU.Build.0 = Release|Any CPU
	EndGlobalSection
	GlobalSection(SolutionProperties) = preSolution
		HideSolutionNode = FALSE
	EndGlobalSection
	GlobalSection(ExtensibilityGlobals) = postSolution
		SolutionGuid = {D20370EA-9B9C-45A2-AA15-4B3630C64AD0}
	EndGlobalSection
EndGlobal
